
Microsoft Visual Studio Solution File, Format Version 12.00
# Visual Studio Version 17
VisualStudioVersion = 17.6.33829.357
MinimumVisualStudioVersion = 10.0.40219.1
Project("{2150E333-8FDC-42A3-9474-1A3956D46DE8}") = "Presentation", "Presentation", "{B639F546-6843-4527-B9B5-8A34FBF9B0FC}"
EndProject
Project("{FAE04EC0-301F-11D3-BF4B-00C04F79EFBC}") = "api", "..\api\api.csproj", "{3155F04E-DFB5-41D4-8E04-8B66E136DE06}"
EndProject
Project("{2150E333-8FDC-42A3-9474-1A3956D46DE8}") = "Model", "Model", "{E8AB7280-C9F7-4319-8050-08D880981275}"
EndProject
Project("{2150E333-8FDC-42A3-9474-1A3956D46DE8}") = "App", "App", "{B818FD87-534A-443D-A261-670FB0B98C7C}"
EndProject
Project("{FAE04EC0-301F-11D3-BF4B-00C04F79EFBC}") = "Entity", "..\Entity\Entity.csproj", "{FD1B2239-56BD-4350-9BAF-288F37169956}"
EndProject
Project("{FAE04EC0-301F-11D3-BF4B-00C04F79EFBC}") = "ViewModels", "..\ViewModels\ViewModels.csproj", "{CF4031DF-6F85-4ECD-A1E0-DEA37F69E19A}"
EndProject
Project("{FAE04EC0-301F-11D3-BF4B-00C04F79EFBC}") = "Context", "..\Context\Context.csproj", "{AB5B0D7A-7595-4876-B4EA-E16990B72E2C}"
EndProject
Project("{FAE04EC0-301F-11D3-BF4B-00C04F79EFBC}") = "Repository", "..\Repository\Repository.csproj", "{205199AC-8670-470F-A7FE-850084E2C7E8}"
EndProject
Project("{FAE04EC0-301F-11D3-BF4B-00C04F79EFBC}") = "Business", "..\Business\Business.csproj", "{BC4B2CE6-098D-4E7C-93AF-9E025BC1F86D}"
EndProject
Project("{54A90642-561A-4BB1-A94E-469ADEE60C69}") = "ui", "..\ui\ui.esproj", "{6B8DC1BF-074F-4EE9-A4D0-7D30769EAE39}"
EndProject
Global
	GlobalSection(SolutionConfigurationPlatforms) = preSolution
		Debug|Any CPU = Debug|Any CPU
		Release|Any CPU = Release|Any CPU
	EndGlobalSection
	GlobalSection(ProjectConfigurationPlatforms) = postSolution
		{3155F04E-DFB5-41D4-8E04-8B66E136DE06}.Debug|Any CPU.ActiveCfg = Debug|Any CPU
		{3155F04E-DFB5-41D4-8E04-8B66E136DE06}.Debug|Any CPU.Build.0 = Debug|Any CPU
		{3155F04E-DFB5-41D4-8E04-8B66E136DE06}.Release|Any CPU.ActiveCfg = Release|Any CPU
		{3155F04E-DFB5-41D4-8E04-8B66E136DE06}.Release|Any CPU.Build.0 = Release|Any CPU
		{FD1B2239-56BD-4350-9BAF-288F37169956}.Debug|Any CPU.ActiveCfg = Debug|Any CPU
		{FD1B2239-56BD-4350-9BAF-288F37169956}.Debug|Any CPU.Build.0 = Debug|Any CPU
		{FD1B2239-56BD-4350-9BAF-288F37169956}.Release|Any CPU.ActiveCfg = Release|Any CPU
		{FD1B2239-56BD-4350-9BAF-288F37169956}.Release|Any CPU.Build.0 = Release|Any CPU
		{CF4031DF-6F85-4ECD-A1E0-DEA37F69E19A}.Debug|Any CPU.ActiveCfg = Debug|Any CPU
		{CF4031DF-6F85-4ECD-A1E0-DEA37F69E19A}.Debug|Any CPU.Build.0 = Debug|Any CPU
		{CF4031DF-6F85-4ECD-A1E0-DEA37F69E19A}.Release|Any CPU.ActiveCfg = Release|Any CPU
		{CF4031DF-6F85-4ECD-A1E0-DEA37F69E19A}.Release|Any CPU.Build.0 = Release|Any CPU
		{AB5B0D7A-7595-4876-B4EA-E16990B72E2C}.Debug|Any CPU.ActiveCfg = Debug|Any CPU
		{AB5B0D7A-7595-4876-B4EA-E16990B72E2C}.Debug|Any CPU.Build.0 = Debug|Any CPU
		{AB5B0D7A-7595-4876-B4EA-E16990B72E2C}.Release|Any CPU.ActiveCfg = Release|Any CPU
		{AB5B0D7A-7595-4876-B4EA-E16990B72E2C}.Release|Any CPU.Build.0 = Release|Any CPU
		{205199AC-8670-470F-A7FE-850084E2C7E8}.Debug|Any CPU.ActiveCfg = Debug|Any CPU
		{205199AC-8670-470F-A7FE-850084E2C7E8}.Debug|Any CPU.Build.0 = Debug|Any CPU
		{205199AC-8670-470F-A7FE-850084E2C7E8}.Release|Any CPU.ActiveCfg = Release|Any CPU
		{205199AC-8670-470F-A7FE-850084E2C7E8}.Release|Any CPU.Build.0 = Release|Any CPU
		{BC4B2CE6-098D-4E7C-93AF-9E025BC1F86D}.Debug|Any CPU.ActiveCfg = Debug|Any CPU
		{BC4B2CE6-098D-4E7C-93AF-9E025BC1F86D}.Debug|Any CPU.Build.0 = Debug|Any CPU
		{BC4B2CE6-098D-4E7C-93AF-9E025BC1F86D}.Release|Any CPU.ActiveCfg = Release|Any CPU
		{BC4B2CE6-098D-4E7C-93AF-9E025BC1F86D}.Release|Any CPU.Build.0 = Release|Any CPU
		{6B8DC1BF-074F-4EE9-A4D0-7D30769EAE39}.Debug|Any CPU.ActiveCfg = Debug|Any CPU
		{6B8DC1BF-074F-4EE9-A4D0-7D30769EAE39}.Debug|Any CPU.Build.0 = Debug|Any CPU
		{6B8DC1BF-074F-4EE9-A4D0-7D30769EAE39}.Debug|Any CPU.Deploy.0 = Debug|Any CPU
		{6B8DC1BF-074F-4EE9-A4D0-7D30769EAE39}.Release|Any CPU.ActiveCfg = Release|Any CPU
		{6B8DC1BF-074F-4EE9-A4D0-7D30769EAE39}.Release|Any CPU.Build.0 = Release|Any CPU
		{6B8DC1BF-074F-4EE9-A4D0-7D30769EAE39}.Release|Any CPU.Deploy.0 = Release|Any CPU
	EndGlobalSection
	GlobalSection(SolutionProperties) = preSolution
		HideSolutionNode = FALSE
	EndGlobalSection
	GlobalSection(NestedProjects) = preSolution
		{3155F04E-DFB5-41D4-8E04-8B66E136DE06} = {B639F546-6843-4527-B9B5-8A34FBF9B0FC}
		{FD1B2239-56BD-4350-9BAF-288F37169956} = {E8AB7280-C9F7-4319-8050-08D880981275}
		{CF4031DF-6F85-4ECD-A1E0-DEA37F69E19A} = {E8AB7280-C9F7-4319-8050-08D880981275}
		{AB5B0D7A-7595-4876-B4EA-E16990B72E2C} = {B818FD87-534A-443D-A261-670FB0B98C7C}
		{205199AC-8670-470F-A7FE-850084E2C7E8} = {B818FD87-534A-443D-A261-670FB0B98C7C}
		{BC4B2CE6-098D-4E7C-93AF-9E025BC1F86D} = {B818FD87-534A-443D-A261-670FB0B98C7C}
		{6B8DC1BF-074F-4EE9-A4D0-7D30769EAE39} = {B639F546-6843-4527-B9B5-8A34FBF9B0FC}
	EndGlobalSection
	GlobalSection(ExtensibilityGlobals) = postSolution
		SolutionGuid = {5E7356FE-AA8E-4398-99B6-66CB3E919F25}
	EndGlobalSection
EndGlobal
